
Microsoft Visual Studio Solution File, Format Version 12.00
# Visual Studio Version 16
VisualStudioVersion = 16.0.30406.217
MinimumVisualStudioVersion = 10.0.40219.1
Project("{FAE04EC0-301F-11D3-BF4B-00C04F79EFBC}") = "TDDLab", "TDDLab.csproj", "{EA00B514-A0AB-4C9D-86C8-E97EC13A6691}"
EndProject
Project("{FAE04EC0-301F-11D3-BF4B-00C04F79EFBC}") = "ROSHAMBOTests", "..\ROSHAMBOTests\ROSHAMBOTests.csproj", "{989403F9-900B-4C4C-A99D-4AC5B4BF099A}"
EndProject
Global
	GlobalSection(SolutionConfigurationPlatforms) = preSolution
		Debug|Any CPU = Debug|Any CPU
		Release|Any CPU = Release|Any CPU
	EndGlobalSection
	GlobalSection(ProjectConfigurationPlatforms) = postSolution
		{EA00B514-A0AB-4C9D-86C8-E97EC13A6691}.Debug|Any CPU.ActiveCfg = Debug|Any CPU
		{EA00B514-A0AB-4C9D-86C8-E97EC13A6691}.Debug|Any CPU.Build.0 = Debug|Any CPU
		{EA00B514-A0AB-4C9D-86C8-E97EC13A6691}.Release|Any CPU.ActiveCfg = Release|Any CPU
		{EA00B514-A0AB-4C9D-86C8-E97EC13A6691}.Release|Any CPU.Build.0 = Release|Any CPU
		{989403F9-900B-4C4C-A99D-4AC5B4BF099A}.Debug|Any CPU.ActiveCfg = Debug|Any CPU
		{989403F9-900B-4C4C-A99D-4AC5B4BF099A}.Debug|Any CPU.Build.0 = Debug|Any CPU
		{989403F9-900B-4C4C-A99D-4AC5B4BF099A}.Release|Any CPU.ActiveCfg = Release|Any CPU
		{989403F9-900B-4C4C-A99D-4AC5B4BF099A}.Release|Any CPU.Build.0 = Release|Any CPU
	EndGlobalSection
	GlobalSection(SolutionProperties) = preSolution
		HideSolutionNode = FALSE
	EndGlobalSection
	GlobalSection(ExtensibilityGlobals) = postSolution
		SolutionGuid = {522B514F-7A59-418A-B84F-41125DD04A83}
	EndGlobalSection
EndGlobal
