
Microsoft Visual Studio Solution File, Format Version 12.00
# Visual Studio Version 16
VisualStudioVersion = 16.0.30406.217
MinimumVisualStudioVersion = 10.0.40219.1
Project("{FAE04EC0-301F-11D3-BF4B-00C04F79EFBC}") = "ROSHAMBO", "ROSHAMBO.csproj", "{A9A7014D-32D9-4D36-95FA-8348A435E92B}"
EndProject
Project("{FAE04EC0-301F-11D3-BF4B-00C04F79EFBC}") = "ROSHAMBOTests", "..\ROSHAMBOTests\ROSHAMBOTests.csproj", "{AC0D6F45-0E3D-47C3-859F-61901226C103}"
EndProject
Global
	GlobalSection(SolutionConfigurationPlatforms) = preSolution
		Debug|Any CPU = Debug|Any CPU
		Release|Any CPU = Release|Any CPU
	EndGlobalSection
	GlobalSection(ProjectConfigurationPlatforms) = postSolution
		{A9A7014D-32D9-4D36-95FA-8348A435E92B}.Debug|Any CPU.ActiveCfg = Debug|Any CPU
		{A9A7014D-32D9-4D36-95FA-8348A435E92B}.Debug|Any CPU.Build.0 = Debug|Any CPU
		{A9A7014D-32D9-4D36-95FA-8348A435E92B}.Release|Any CPU.ActiveCfg = Release|Any CPU
		{A9A7014D-32D9-4D36-95FA-8348A435E92B}.Release|Any CPU.Build.0 = Release|Any CPU
		{AC0D6F45-0E3D-47C3-859F-61901226C103}.Debug|Any CPU.ActiveCfg = Debug|Any CPU
		{AC0D6F45-0E3D-47C3-859F-61901226C103}.Debug|Any CPU.Build.0 = Debug|Any CPU
		{AC0D6F45-0E3D-47C3-859F-61901226C103}.Release|Any CPU.ActiveCfg = Release|Any CPU
		{AC0D6F45-0E3D-47C3-859F-61901226C103}.Release|Any CPU.Build.0 = Release|Any CPU
	EndGlobalSection
	GlobalSection(SolutionProperties) = preSolution
		HideSolutionNode = FALSE
	EndGlobalSection
	GlobalSection(ExtensibilityGlobals) = postSolution
		SolutionGuid = {BA6D8FFD-5D7B-4B82-A02F-992FB8F2EECA}
	EndGlobalSection
EndGlobal
