
Microsoft Visual Studio Solution File, Format Version 12.00
# Visual Studio Version 16
VisualStudioVersion = 16.0.30225.117
MinimumVisualStudioVersion = 10.0.40219.1
Project("{FAE04EC0-301F-11D3-BF4B-00C04F79EFBC}") = "DotNet_Lab2", "DotNet_Lab2.csproj", "{5CDB5F22-C3A8-46D6-8572-34BAEDC6CC20}"
EndProject
Global
	GlobalSection(SolutionConfigurationPlatforms) = preSolution
		Debug|Any CPU = Debug|Any CPU
		Release|Any CPU = Release|Any CPU
	EndGlobalSection
	GlobalSection(ProjectConfigurationPlatforms) = postSolution
		{5CDB5F22-C3A8-46D6-8572-34BAEDC6CC20}.Debug|Any CPU.ActiveCfg = Debug|Any CPU
		{5CDB5F22-C3A8-46D6-8572-34BAEDC6CC20}.Debug|Any CPU.Build.0 = Debug|Any CPU
		{5CDB5F22-C3A8-46D6-8572-34BAEDC6CC20}.Release|Any CPU.ActiveCfg = Release|Any CPU
		{5CDB5F22-C3A8-46D6-8572-34BAEDC6CC20}.Release|Any CPU.Build.0 = Release|Any CPU
	EndGlobalSection
	GlobalSection(SolutionProperties) = preSolution
		HideSolutionNode = FALSE
	EndGlobalSection
	GlobalSection(ExtensibilityGlobals) = postSolution
		SolutionGuid = {5D36B07C-6B0C-4A1A-AB05-D9A528C4106C}
	EndGlobalSection
EndGlobal
