
Microsoft Visual Studio Solution File, Format Version 12.00
# Visual Studio Version 16
VisualStudioVersion = 16.0.30225.117
MinimumVisualStudioVersion = 10.0.40219.1
Project("{FAE04EC0-301F-11D3-BF4B-00C04F79EFBC}") = "DotNetClass_Lab3", "DotNetClass_Lab3.csproj", "{0D5140C2-2540-40BE-83E7-EA3799998FDD}"
EndProject
Global
	GlobalSection(SolutionConfigurationPlatforms) = preSolution
		Debug|Any CPU = Debug|Any CPU
		Release|Any CPU = Release|Any CPU
	EndGlobalSection
	GlobalSection(ProjectConfigurationPlatforms) = postSolution
		{0D5140C2-2540-40BE-83E7-EA3799998FDD}.Debug|Any CPU.ActiveCfg = Debug|Any CPU
		{0D5140C2-2540-40BE-83E7-EA3799998FDD}.Debug|Any CPU.Build.0 = Debug|Any CPU
		{0D5140C2-2540-40BE-83E7-EA3799998FDD}.Release|Any CPU.ActiveCfg = Release|Any CPU
		{0D5140C2-2540-40BE-83E7-EA3799998FDD}.Release|Any CPU.Build.0 = Release|Any CPU
	EndGlobalSection
	GlobalSection(SolutionProperties) = preSolution
		HideSolutionNode = FALSE
	EndGlobalSection
	GlobalSection(ExtensibilityGlobals) = postSolution
		SolutionGuid = {0114A81E-CDE8-430A-9566-B35A352DE078}
	EndGlobalSection
EndGlobal
